
Microsoft Visual Studio Solution File, Format Version 12.00
# Visual Studio Version 17
VisualStudioVersion = 17.3.32929.385
MinimumVisualStudioVersion = 10.0.40219.1
Project("{FAE04EC0-301F-11D3-BF4B-00C04F79EFBC}") = "LoggerMikroservis", "LoggerMikroservis\LoggerMikroservis.csproj", "{43020027-CA8A-4E62-98EE-CDB0514BE745}"
EndProject
Global
	GlobalSection(SolutionConfigurationPlatforms) = preSolution
		Debug|Any CPU = Debug|Any CPU
		Release|Any CPU = Release|Any CPU
	EndGlobalSection
	GlobalSection(ProjectConfigurationPlatforms) = postSolution
		{43020027-CA8A-4E62-98EE-CDB0514BE745}.Debug|Any CPU.ActiveCfg = Debug|Any CPU
		{43020027-CA8A-4E62-98EE-CDB0514BE745}.Debug|Any CPU.Build.0 = Debug|Any CPU
		{43020027-CA8A-4E62-98EE-CDB0514BE745}.Release|Any CPU.ActiveCfg = Release|Any CPU
		{43020027-CA8A-4E62-98EE-CDB0514BE745}.Release|Any CPU.Build.0 = Release|Any CPU
	EndGlobalSection
	GlobalSection(SolutionProperties) = preSolution
		HideSolutionNode = FALSE
	EndGlobalSection
	GlobalSection(ExtensibilityGlobals) = postSolution
		SolutionGuid = {0D64C0F2-5A29-41FC-9892-32A41689848F}
	EndGlobalSection
EndGlobal
