
Microsoft Visual Studio Solution File, Format Version 12.00
# Visual Studio Version 17
VisualStudioVersion = 17.7.34202.233
MinimumVisualStudioVersion = 10.0.40219.1
Project("{9A19103F-16F7-4668-BE54-9A1E7A4F7556}") = "UserMicroservice", "User\UserMicroservice.csproj", "{88BA078C-8E4D-418C-9AD9-5FF9ACFF8041}"
EndProject
Global
	GlobalSection(SolutionConfigurationPlatforms) = preSolution
		Debug|Any CPU = Debug|Any CPU
		Release|Any CPU = Release|Any CPU
	EndGlobalSection
	GlobalSection(ProjectConfigurationPlatforms) = postSolution
		{88BA078C-8E4D-418C-9AD9-5FF9ACFF8041}.Debug|Any CPU.ActiveCfg = Debug|Any CPU
		{88BA078C-8E4D-418C-9AD9-5FF9ACFF8041}.Debug|Any CPU.Build.0 = Debug|Any CPU
		{88BA078C-8E4D-418C-9AD9-5FF9ACFF8041}.Release|Any CPU.ActiveCfg = Release|Any CPU
		{88BA078C-8E4D-418C-9AD9-5FF9ACFF8041}.Release|Any CPU.Build.0 = Release|Any CPU
	EndGlobalSection
	GlobalSection(SolutionProperties) = preSolution
		HideSolutionNode = FALSE
	EndGlobalSection
	GlobalSection(ExtensibilityGlobals) = postSolution
		SolutionGuid = {8B0D78E5-A82E-4F93-A814-AAA4024D6BAD}
	EndGlobalSection
EndGlobal
